
Microsoft Visual Studio Solution File, Format Version 12.00
# Visual Studio 2013
VisualStudioVersion = 12.0.30218.0
MinimumVisualStudioVersion = 10.0.40219.1
Project("{8BC9CEB8-8B4A-11D0-8D11-00A0C91BC942}") = "BeatBuilder", "BeatBuilder\BeatBuilder.vcxproj", "{139AAAE0-F187-4EED-BF03-178A84F9ABBB}"
EndProject
Project("{FAE04EC0-301F-11D3-BF4B-00C04F79EFBC}") = "BeatBuilder.WinApp", "BeatBuilder.WinApp\BeatBuilder.WinApp.csproj", "{31284B84-70E8-41A3-8CAD-D85CB1F68E4D}"
EndProject
Global
	GlobalSection(SolutionConfigurationPlatforms) = preSolution
		Debug|Any CPU = Debug|Any CPU
		Debug|ARM = Debug|ARM
		Debug|Mixed Platforms = Debug|Mixed Platforms
		Debug|Win32 = Debug|Win32
		Debug|x64 = Debug|x64
		Debug|x86 = Debug|x86
		Release|Any CPU = Release|Any CPU
		Release|ARM = Release|ARM
		Release|Mixed Platforms = Release|Mixed Platforms
		Release|Win32 = Release|Win32
		Release|x64 = Release|x64
		Release|x86 = Release|x86
	EndGlobalSection
	GlobalSection(ProjectConfigurationPlatforms) = postSolution
		{139AAAE0-F187-4EED-BF03-178A84F9ABBB}.Debug|Any CPU.ActiveCfg = Debug|Win32
		{139AAAE0-F187-4EED-BF03-178A84F9ABBB}.Debug|ARM.ActiveCfg = Debug|ARM
		{139AAAE0-F187-4EED-BF03-178A84F9ABBB}.Debug|ARM.Build.0 = Debug|ARM
		{139AAAE0-F187-4EED-BF03-178A84F9ABBB}.Debug|Mixed Platforms.ActiveCfg = Debug|Win32
		{139AAAE0-F187-4EED-BF03-178A84F9ABBB}.Debug|Mixed Platforms.Build.0 = Debug|Win32
		{139AAAE0-F187-4EED-BF03-178A84F9ABBB}.Debug|Win32.ActiveCfg = Debug|Win32
		{139AAAE0-F187-4EED-BF03-178A84F9ABBB}.Debug|Win32.Build.0 = Debug|Win32
		{139AAAE0-F187-4EED-BF03-178A84F9ABBB}.Debug|x64.ActiveCfg = Debug|x64
		{139AAAE0-F187-4EED-BF03-178A84F9ABBB}.Debug|x64.Build.0 = Debug|x64
		{139AAAE0-F187-4EED-BF03-178A84F9ABBB}.Debug|x86.ActiveCfg = Debug|Win32
		{139AAAE0-F187-4EED-BF03-178A84F9ABBB}.Debug|x86.Build.0 = Debug|Win32
		{139AAAE0-F187-4EED-BF03-178A84F9ABBB}.Release|Any CPU.ActiveCfg = Release|Win32
		{139AAAE0-F187-4EED-BF03-178A84F9ABBB}.Release|ARM.ActiveCfg = Release|ARM
		{139AAAE0-F187-4EED-BF03-178A84F9ABBB}.Release|ARM.Build.0 = Release|ARM
		{139AAAE0-F187-4EED-BF03-178A84F9ABBB}.Release|Mixed Platforms.ActiveCfg = Release|Win32
		{139AAAE0-F187-4EED-BF03-178A84F9ABBB}.Release|Mixed Platforms.Build.0 = Release|Win32
		{139AAAE0-F187-4EED-BF03-178A84F9ABBB}.Release|Win32.ActiveCfg = Release|Win32
		{139AAAE0-F187-4EED-BF03-178A84F9ABBB}.Release|Win32.Build.0 = Release|Win32
		{139AAAE0-F187-4EED-BF03-178A84F9ABBB}.Release|x64.ActiveCfg = Release|x64
		{139AAAE0-F187-4EED-BF03-178A84F9ABBB}.Release|x64.Build.0 = Release|x64
		{139AAAE0-F187-4EED-BF03-178A84F9ABBB}.Release|x86.ActiveCfg = Release|Win32
		{139AAAE0-F187-4EED-BF03-178A84F9ABBB}.Release|x86.Build.0 = Release|Win32
		{31284B84-70E8-41A3-8CAD-D85CB1F68E4D}.Debug|Any CPU.ActiveCfg = Debug|Any CPU
		{31284B84-70E8-41A3-8CAD-D85CB1F68E4D}.Debug|Any CPU.Build.0 = Debug|Any CPU
		{31284B84-70E8-41A3-8CAD-D85CB1F68E4D}.Debug|Any CPU.Deploy.0 = Debug|Any CPU
		{31284B84-70E8-41A3-8CAD-D85CB1F68E4D}.Debug|ARM.ActiveCfg = Debug|ARM
		{31284B84-70E8-41A3-8CAD-D85CB1F68E4D}.Debug|ARM.Build.0 = Debug|ARM
		{31284B84-70E8-41A3-8CAD-D85CB1F68E4D}.Debug|ARM.Deploy.0 = Debug|ARM
		{31284B84-70E8-41A3-8CAD-D85CB1F68E4D}.Debug|Mixed Platforms.ActiveCfg = Debug|x86
		{31284B84-70E8-41A3-8CAD-D85CB1F68E4D}.Debug|Mixed Platforms.Build.0 = Debug|x86
		{31284B84-70E8-41A3-8CAD-D85CB1F68E4D}.Debug|Mixed Platforms.Deploy.0 = Debug|x86
		{31284B84-70E8-41A3-8CAD-D85CB1F68E4D}.Debug|Win32.ActiveCfg = Debug|x86
		{31284B84-70E8-41A3-8CAD-D85CB1F68E4D}.Debug|Win32.Build.0 = Debug|x86
		{31284B84-70E8-41A3-8CAD-D85CB1F68E4D}.Debug|Win32.Deploy.0 = Debug|x86
		{31284B84-70E8-41A3-8CAD-D85CB1F68E4D}.Debug|x64.ActiveCfg = Debug|x64
		{31284B84-70E8-41A3-8CAD-D85CB1F68E4D}.Debug|x64.Build.0 = Debug|x64
		{31284B84-70E8-41A3-8CAD-D85CB1F68E4D}.Debug|x64.Deploy.0 = Debug|x64
		{31284B84-70E8-41A3-8CAD-D85CB1F68E4D}.Debug|x86.ActiveCfg = Debug|x86
		{31284B84-70E8-41A3-8CAD-D85CB1F68E4D}.Debug|x86.Build.0 = Debug|x86
		{31284B84-70E8-41A3-8CAD-D85CB1F68E4D}.Debug|x86.Deploy.0 = Debug|x86
		{31284B84-70E8-41A3-8CAD-D85CB1F68E4D}.Release|Any CPU.ActiveCfg = Release|Any CPU
		{31284B84-70E8-41A3-8CAD-D85CB1F68E4D}.Release|Any CPU.Build.0 = Release|Any CPU
		{31284B84-70E8-41A3-8CAD-D85CB1F68E4D}.Release|Any CPU.Deploy.0 = Release|Any CPU
		{31284B84-70E8-41A3-8CAD-D85CB1F68E4D}.Release|ARM.ActiveCfg = Release|ARM
		{31284B84-70E8-41A3-8CAD-D85CB1F68E4D}.Release|ARM.Build.0 = Release|ARM
		{31284B84-70E8-41A3-8CAD-D85CB1F68E4D}.Release|ARM.Deploy.0 = Release|ARM
		{31284B84-70E8-41A3-8CAD-D85CB1F68E4D}.Release|Mixed Platforms.ActiveCfg = Release|x86
		{31284B84-70E8-41A3-8CAD-D85CB1F68E4D}.Release|Mixed Platforms.Build.0 = Release|x86
		{31284B84-70E8-41A3-8CAD-D85CB1F68E4D}.Release|Mixed Platforms.Deploy.0 = Release|x86
		{31284B84-70E8-41A3-8CAD-D85CB1F68E4D}.Release|Win32.ActiveCfg = Release|x86
		{31284B84-70E8-41A3-8CAD-D85CB1F68E4D}.Release|Win32.Build.0 = Release|x86
		{31284B84-70E8-41A3-8CAD-D85CB1F68E4D}.Release|Win32.Deploy.0 = Release|x86
		{31284B84-70E8-41A3-8CAD-D85CB1F68E4D}.Release|x64.ActiveCfg = Release|x64
		{31284B84-70E8-41A3-8CAD-D85CB1F68E4D}.Release|x64.Build.0 = Release|x64
		{31284B84-70E8-41A3-8CAD-D85CB1F68E4D}.Release|x64.Deploy.0 = Release|x64
		{31284B84-70E8-41A3-8CAD-D85CB1F68E4D}.Release|x86.ActiveCfg = Release|x86
		{31284B84-70E8-41A3-8CAD-D85CB1F68E4D}.Release|x86.Build.0 = Release|x86
		{31284B84-70E8-41A3-8CAD-D85CB1F68E4D}.Release|x86.Deploy.0 = Release|x86
	EndGlobalSection
	GlobalSection(SolutionProperties) = preSolution
		HideSolutionNode = FALSE
	EndGlobalSection
EndGlobal
