<?xml version="1.0" encoding="utf-8"?>
<Project ToolsVersion="12.0" xmlns="http://schemas.microsoft.com/developer/msbuild/2003">
  <ItemGroup>
    <Filter Include="Resources">
      <UniqueIdentifier>ea0b37a5-9da0-4c4a-b218-191d03e29098</UniqueIdentifier>
      <Extensions>rc;ico;cur;bmp;dlg;rc2;rct;bin;rgs;gif;jpg;jpeg;jpe;resx;tga;tiff;tif;png;wav;mfcribbon-ms</Extensions>
    </Filter>
  </ItemGroup>
  <ItemGroup>
    <ClCompile Include="pch.cpp" />
    <ClCompile Include="AudioInterfaceActivator.cpp" />
    <ClCompile Include="AudioRenderer.cpp" />
    <ClCompile Include="DrumPad.cpp" />
    <ClCompile Include="Sound.cpp" />
  </ItemGroup>
  <ItemGroup>
    <ClInclude Include="pch.h" />
    <ClInclude Include="AsyncCallback.h" />
    <ClInclude Include="AudioInterfaceActivator.h" />
    <ClInclude Include="AudioRenderer.h" />
    <ClInclude Include="DrumPad.h" />
    <ClInclude Include="ISoundSource.h" />
    <ClInclude Include="Sound.h" />
  </ItemGroup>
</Project>